
Microsoft Visual Studio Solution File, Format Version 12.00
# Visual Studio Version 16
VisualStudioVersion = 16.0.28803.452
MinimumVisualStudioVersion = 10.0.40219.1
Project("{9A19103F-16F7-4668-BE54-9A1E7A4F7556}") = "Yolofy.Test", "Yolofy.Test\Yolofy.Test.csproj", "{41B8126E-EBB7-4EBC-8280-235015AFBA63}"
EndProject
Project("{FAE04EC0-301F-11D3-BF4B-00C04F79EFBC}") = "Yolofy.TupleTables", "Yolofy.TupleTables\Yolofy.TupleTables.csproj", "{C92CA2E3-9911-4BD3-A086-6197663E175F}"
EndProject
Global
	GlobalSection(SolutionConfigurationPlatforms) = preSolution
		Debug|Any CPU = Debug|Any CPU
		Release|Any CPU = Release|Any CPU
	EndGlobalSection
	GlobalSection(ProjectConfigurationPlatforms) = postSolution
		{41B8126E-EBB7-4EBC-8280-235015AFBA63}.Debug|Any CPU.ActiveCfg = Debug|Any CPU
		{41B8126E-EBB7-4EBC-8280-235015AFBA63}.Debug|Any CPU.Build.0 = Debug|Any CPU
		{41B8126E-EBB7-4EBC-8280-235015AFBA63}.Release|Any CPU.ActiveCfg = Release|Any CPU
		{41B8126E-EBB7-4EBC-8280-235015AFBA63}.Release|Any CPU.Build.0 = Release|Any CPU
		{C92CA2E3-9911-4BD3-A086-6197663E175F}.Debug|Any CPU.ActiveCfg = Debug|Any CPU
		{C92CA2E3-9911-4BD3-A086-6197663E175F}.Debug|Any CPU.Build.0 = Debug|Any CPU
		{C92CA2E3-9911-4BD3-A086-6197663E175F}.Release|Any CPU.ActiveCfg = Release|Any CPU
		{C92CA2E3-9911-4BD3-A086-6197663E175F}.Release|Any CPU.Build.0 = Release|Any CPU
	EndGlobalSection
	GlobalSection(SolutionProperties) = preSolution
		HideSolutionNode = FALSE
	EndGlobalSection
	GlobalSection(ExtensibilityGlobals) = postSolution
		SolutionGuid = {1B4435C6-9DC1-4D03-A75B-5828DC10F716}
	EndGlobalSection
EndGlobal
